
Microsoft Visual Studio Solution File, Format Version 12.00
# Visual Studio Version 16
VisualStudioVersion = 16.0.30413.136
MinimumVisualStudioVersion = 10.0.40219.1
Project("{FAE04EC0-301F-11D3-BF4B-00C04F79EFBC}") = "YellowBucket1", "YellowBucket1.csproj", "{CCB57F61-4A6F-4EBA-9EA3-8BEBFADE9854}"
EndProject
Global
	GlobalSection(SolutionConfigurationPlatforms) = preSolution
		Debug|Any CPU = Debug|Any CPU
		Release|Any CPU = Release|Any CPU
	EndGlobalSection
	GlobalSection(ProjectConfigurationPlatforms) = postSolution
		{CCB57F61-4A6F-4EBA-9EA3-8BEBFADE9854}.Debug|Any CPU.ActiveCfg = Debug|Any CPU
		{CCB57F61-4A6F-4EBA-9EA3-8BEBFADE9854}.Debug|Any CPU.Build.0 = Debug|Any CPU
		{CCB57F61-4A6F-4EBA-9EA3-8BEBFADE9854}.Release|Any CPU.ActiveCfg = Release|Any CPU
		{CCB57F61-4A6F-4EBA-9EA3-8BEBFADE9854}.Release|Any CPU.Build.0 = Release|Any CPU
	EndGlobalSection
	GlobalSection(SolutionProperties) = preSolution
		HideSolutionNode = FALSE
	EndGlobalSection
	GlobalSection(ExtensibilityGlobals) = postSolution
		SolutionGuid = {3088627E-0E81-485E-A413-62932270C338}
	EndGlobalSection
EndGlobal
